
Microsoft Visual Studio Solution File, Format Version 12.00
# Visual Studio Version 17
VisualStudioVersion = 17.0.31919.166
MinimumVisualStudioVersion = 10.0.40219.1
Project("{9A19103F-16F7-4668-BE54-9A1E7A4F7556}") = "SimpleChatClient", "SimpleChatClient\SimpleChatClient.csproj", "{06722F63-E117-428D-973F-E328CFAF1DA0}"
EndProject
Project("{9A19103F-16F7-4668-BE54-9A1E7A4F7556}") = "SimpleChatServer", "SimpleChatServer\SimpleChatServer.csproj", "{EC0C2A05-3484-481F-9B7E-9CE315D53CBF}"
EndProject
Project("{FAE04EC0-301F-11D3-BF4B-00C04F79EFBC}") = "SimpleChatServerTcpClient", "SimpleChatServerTcpClient\SimpleChatServerTcpClient.csproj", "{5C81BFA9-F6DB-4787-9E34-6F6CB133D6BC}"
EndProject
Project("{FAE04EC0-301F-11D3-BF4B-00C04F79EFBC}") = "SimpleChatClientTcpClient", "SimpleChatClientTcpClient\SimpleChatClientTcpClient.csproj", "{1C1F06D3-4527-485B-9FDC-D6F219589FE4}"
EndProject
Global
	GlobalSection(SolutionConfigurationPlatforms) = preSolution
		Debug|Any CPU = Debug|Any CPU
		Release|Any CPU = Release|Any CPU
	EndGlobalSection
	GlobalSection(ProjectConfigurationPlatforms) = postSolution
		{06722F63-E117-428D-973F-E328CFAF1DA0}.Debug|Any CPU.ActiveCfg = Debug|Any CPU
		{06722F63-E117-428D-973F-E328CFAF1DA0}.Debug|Any CPU.Build.0 = Debug|Any CPU
		{06722F63-E117-428D-973F-E328CFAF1DA0}.Release|Any CPU.ActiveCfg = Release|Any CPU
		{06722F63-E117-428D-973F-E328CFAF1DA0}.Release|Any CPU.Build.0 = Release|Any CPU
		{EC0C2A05-3484-481F-9B7E-9CE315D53CBF}.Debug|Any CPU.ActiveCfg = Debug|Any CPU
		{EC0C2A05-3484-481F-9B7E-9CE315D53CBF}.Debug|Any CPU.Build.0 = Debug|Any CPU
		{EC0C2A05-3484-481F-9B7E-9CE315D53CBF}.Release|Any CPU.ActiveCfg = Release|Any CPU
		{EC0C2A05-3484-481F-9B7E-9CE315D53CBF}.Release|Any CPU.Build.0 = Release|Any CPU
		{5C81BFA9-F6DB-4787-9E34-6F6CB133D6BC}.Debug|Any CPU.ActiveCfg = Debug|Any CPU
		{5C81BFA9-F6DB-4787-9E34-6F6CB133D6BC}.Debug|Any CPU.Build.0 = Debug|Any CPU
		{5C81BFA9-F6DB-4787-9E34-6F6CB133D6BC}.Release|Any CPU.ActiveCfg = Release|Any CPU
		{5C81BFA9-F6DB-4787-9E34-6F6CB133D6BC}.Release|Any CPU.Build.0 = Release|Any CPU
		{1C1F06D3-4527-485B-9FDC-D6F219589FE4}.Debug|Any CPU.ActiveCfg = Debug|Any CPU
		{1C1F06D3-4527-485B-9FDC-D6F219589FE4}.Debug|Any CPU.Build.0 = Debug|Any CPU
		{1C1F06D3-4527-485B-9FDC-D6F219589FE4}.Release|Any CPU.ActiveCfg = Release|Any CPU
		{1C1F06D3-4527-485B-9FDC-D6F219589FE4}.Release|Any CPU.Build.0 = Release|Any CPU
	EndGlobalSection
	GlobalSection(SolutionProperties) = preSolution
		HideSolutionNode = FALSE
	EndGlobalSection
	GlobalSection(ExtensibilityGlobals) = postSolution
		SolutionGuid = {CD610D9E-6867-4DE6-88FE-4CD2AFD83A51}
	EndGlobalSection
EndGlobal
