
Microsoft Visual Studio Solution File, Format Version 12.00
# Visual Studio Version 17
VisualStudioVersion = 17.3.32811.315
MinimumVisualStudioVersion = 10.0.40219.1
Project("{FAE04EC0-301F-11D3-BF4B-00C04F79EFBC}") = "Lab5", "Lab5\Lab5.csproj", "{81733843-3569-42CB-A048-BF02DEEFE850}"
EndProject
Project("{FAE04EC0-301F-11D3-BF4B-00C04F79EFBC}") = "DGTests", "DGTests\DGTests.csproj", "{ACF4AC86-1C8E-450D-94E6-5E889D6E3942}"
EndProject
Global
	GlobalSection(SolutionConfigurationPlatforms) = preSolution
		Debug|Any CPU = Debug|Any CPU
		Release|Any CPU = Release|Any CPU
	EndGlobalSection
	GlobalSection(ProjectConfigurationPlatforms) = postSolution
		{81733843-3569-42CB-A048-BF02DEEFE850}.Debug|Any CPU.ActiveCfg = Debug|Any CPU
		{81733843-3569-42CB-A048-BF02DEEFE850}.Debug|Any CPU.Build.0 = Debug|Any CPU
		{81733843-3569-42CB-A048-BF02DEEFE850}.Release|Any CPU.ActiveCfg = Release|Any CPU
		{81733843-3569-42CB-A048-BF02DEEFE850}.Release|Any CPU.Build.0 = Release|Any CPU
		{ACF4AC86-1C8E-450D-94E6-5E889D6E3942}.Debug|Any CPU.ActiveCfg = Debug|Any CPU
		{ACF4AC86-1C8E-450D-94E6-5E889D6E3942}.Debug|Any CPU.Build.0 = Debug|Any CPU
		{ACF4AC86-1C8E-450D-94E6-5E889D6E3942}.Release|Any CPU.ActiveCfg = Release|Any CPU
		{ACF4AC86-1C8E-450D-94E6-5E889D6E3942}.Release|Any CPU.Build.0 = Release|Any CPU
	EndGlobalSection
	GlobalSection(SolutionProperties) = preSolution
		HideSolutionNode = FALSE
	EndGlobalSection
	GlobalSection(ExtensibilityGlobals) = postSolution
		SolutionGuid = {AE398329-ACD5-4655-8BD6-2F796A66956B}
	EndGlobalSection
EndGlobal
